// !$*UTF8*$!
{
	archiveVersion = 1;
	classes = {
	};
	objectVersion = 48;
	objects = {

/* Begin PBXBuildFile section */
		582EDE533872382E1202CFD6 /* Pods_Smack.framework in Frameworks */ = {isa = PBXBuildFile; fileRef = 5269107779AB0542D13F36DD /* Pods_Smack.framework */; };
		9885B8F11F2D7A2F0025519D /* AppDelegate.swift in Sources */ = {isa = PBXBuildFile; fileRef = 9885B8F01F2D7A2F0025519D /* AppDelegate.swift */; };
		9885B8F31F2D7A2F0025519D /* ViewController.swift in Sources */ = {isa = PBXBuildFile; fileRef = 9885B8F21F2D7A2F0025519D /* ViewController.swift */; };
		9885B8F61F2D7A2F0025519D /* Main.storyboard in Resources */ = {isa = PBXBuildFile; fileRef = 9885B8F41F2D7A2F0025519D /* Main.storyboard */; };
		9885B8F81F2D7A2F0025519D /* Assets.xcassets in Resources */ = {isa = PBXBuildFile; fileRef = 9885B8F71F2D7A2F0025519D /* Assets.xcassets */; };
		9885B8FB1F2D7A2F0025519D /* LaunchScreen.storyboard in Resources */ = {isa = PBXBuildFile; fileRef = 9885B8F91F2D7A2F0025519D /* LaunchScreen.storyboard */; };
		9885B9071F2D7F1B0025519D /* SWRevealViewController.m in Sources */ = {isa = PBXBuildFile; fileRef = 9885B9061F2D7F1B0025519D /* SWRevealViewController.m */; };
/* End PBXBuildFile section */

/* Begin PBXFileReference section */
		5269107779AB0542D13F36DD /* Pods_Smack.framework */ = {isa = PBXFileReference; explicitFileType = wrapper.framework; includeInIndex = 0; path = Pods_Smack.framework; sourceTree = BUILT_PRODUCTS_DIR; };
		9885B8ED1F2D7A2F0025519D /* Smack.app */ = {isa = PBXFileReference; explicitFileType = wrapper.application; includeInIndex = 0; path = Smack.app; sourceTree = BUILT_PRODUCTS_DIR; };
		9885B8F01F2D7A2F0025519D /* AppDelegate.swift */ = {isa = PBXFileReference; lastKnownFileType = sourcecode.swift; path = AppDelegate.swift; sourceTree = "<group>"; };
		9885B8F21F2D7A2F0025519D /* ViewController.swift */ = {isa = PBXFileReference; lastKnownFileType = sourcecode.swift; path = ViewController.swift; sourceTree = "<group>"; };
		9885B8F51F2D7A2F0025519D /* Base */ = {isa = PBXFileReference; lastKnownFileType = file.storyboard; name = Base; path = Base.lproj/Main.storyboard; sourceTree = "<group>"; };
		9885B8F71F2D7A2F0025519D /* Assets.xcassets */ = {isa = PBXFileReference; lastKnownFileType = folder.assetcatalog; path = Assets.xcassets; sourceTree = "<group>"; };
		9885B8FA1F2D7A2F0025519D /* Base */ = {isa = PBXFileReference; lastKnownFileType = file.storyboard; name = Base; path = Base.lproj/LaunchScreen.storyboard; sourceTree = "<group>"; };
		9885B8FC1F2D7A2F0025519D /* Info.plist */ = {isa = PBXFileReference; lastKnownFileType = text.plist.xml; path = Info.plist; sourceTree = "<group>"; };
		9885B9041F2D7F1A0025519D /* Smack-Bridging-Header.h */ = {isa = PBXFileReference; lastKnownFileType = sourcecode.c.h; path = "Smack-Bridging-Header.h"; sourceTree = "<group>"; };
		9885B9051F2D7F1B0025519D /* SWRevealViewController.h */ = {isa = PBXFileReference; fileEncoding = 4; lastKnownFileType = sourcecode.c.h; name = SWRevealViewController.h; path = "../../../../../Downloads/Smack Assets/SWReveal/SWRevealViewController.h"; sourceTree = "<group>"; };
		9885B9061F2D7F1B0025519D /* SWRevealViewController.m */ = {isa = PBXFileReference; fileEncoding = 4; lastKnownFileType = sourcecode.c.objc; name = SWRevealViewController.m; path = "../../../../../Downloads/Smack Assets/SWReveal/SWRevealViewController.m"; sourceTree = "<group>"; };
		A588330179790104E628DB7A /* Pods-Smack.debug.xcconfig */ = {isa = PBXFileReference; includeInIndex = 1; lastKnownFileType = text.xcconfig; name = "Pods-Smack.debug.xcconfig"; path = "Pods/Target Support Files/Pods-Smack/Pods-Smack.debug.xcconfig"; sourceTree = "<group>"; };
		A866E8D45A7630ABA3A79F42 /* Pods-Smack.release.xcconfig */ = {isa = PBXFileReference; includeInIndex = 1; lastKnownFileType = text.xcconfig; name = "Pods-Smack.release.xcconfig"; path = "Pods/Target Support Files/Pods-Smack/Pods-Smack.release.xcconfig"; sourceTree = "<group>"; };
/* End PBXFileReference section */

/* Begin PBXFrameworksBuildPhase section */
		9885B8EA1F2D7A2F0025519D /* Frameworks */ = {
			isa = PBXFrameworksBuildPhase;
			buildActionMask = 2147483647;
			files = (
				582EDE533872382E1202CFD6 /* Pods_Smack.framework in Frameworks */,
			);
			runOnlyForDeploymentPostprocessing = 0;
		};
/* End PBXFrameworksBuildPhase section */

/* Begin PBXGroup section */
		6D9FFF3E22EEC7906A45223D /* Pods */ = {
			isa = PBXGroup;
			children = (
				A588330179790104E628DB7A /* Pods-Smack.debug.xcconfig */,
				A866E8D45A7630ABA3A79F42 /* Pods-Smack.release.xcconfig */,
			);
			name = Pods;
			sourceTree = "<group>";
		};
		9885B8E41F2D7A2E0025519D = {
			isa = PBXGroup;
			children = (
				9885B8EF1F2D7A2F0025519D /* Smack */,
				9885B8EE1F2D7A2F0025519D /* Products */,
				6D9FFF3E22EEC7906A45223D /* Pods */,
				BDC882B7F1276E7370F4FA1F /* Frameworks */,
			);
			sourceTree = "<group>";
		};
		9885B8EE1F2D7A2F0025519D /* Products */ = {
			isa = PBXGroup;
			children = (
				9885B8ED1F2D7A2F0025519D /* Smack.app */,
			);
			name = Products;
			sourceTree = "<group>";
		};
		9885B8EF1F2D7A2F0025519D /* Smack */ = {
			isa = PBXGroup;
			children = (
				9885B9031F2D7EF70025519D /* Supporting Files */,
				9885B8F01F2D7A2F0025519D /* AppDelegate.swift */,
				9885B8F21F2D7A2F0025519D /* ViewController.swift */,
				9885B8F41F2D7A2F0025519D /* Main.storyboard */,
				9885B8F71F2D7A2F0025519D /* Assets.xcassets */,
				9885B8F91F2D7A2F0025519D /* LaunchScreen.storyboard */,
				9885B8FC1F2D7A2F0025519D /* Info.plist */,
			);
			path = Smack;
			sourceTree = "<group>";
		};
		9885B9031F2D7EF70025519D /* Supporting Files */ = {
			isa = PBXGroup;
			children = (
				9885B9051F2D7F1B0025519D /* SWRevealViewController.h */,
				9885B9061F2D7F1B0025519D /* SWRevealViewController.m */,
				9885B9041F2D7F1A0025519D /* Smack-Bridging-Header.h */,
			);
			path = "Supporting Files";
			sourceTree = "<group>";
		};
		BDC882B7F1276E7370F4FA1F /* Frameworks */ = {
			isa = PBXGroup;
			children = (
				5269107779AB0542D13F36DD /* Pods_Smack.framework */,
			);
			name = Frameworks;
			sourceTree = "<group>";
		};
/* End PBXGroup section */

/* Begin PBXNativeTarget section */
		9885B8EC1F2D7A2F0025519D /* Smack */ = {
			isa = PBXNativeTarget;
			buildConfigurationList = 9885B8FF1F2D7A2F0025519D /* Build configuration list for PBXNativeTarget "Smack" */;
			buildPhases = (
				9F12DFECDDEC3A1A2B1D2016 /* [CP] Check Pods Manifest.lock */,
				9885B8E91F2D7A2F0025519D /* Sources */,
				9885B8EA1F2D7A2F0025519D /* Frameworks */,
				9885B8EB1F2D7A2F0025519D /* Resources */,
				2422F91482DA1907F71689E8 /* [CP] Embed Pods Frameworks */,
				0B8E13694990E5BF26E5C3A4 /* [CP] Copy Pods Resources */,
			);
			buildRules = (
			);
			dependencies = (
			);
			name = Smack;
			productName = Smack;
			productReference = 9885B8ED1F2D7A2F0025519D /* Smack.app */;
			productType = "com.apple.product-type.application";
		};
/* End PBXNativeTarget section */

/* Begin PBXProject section */
		9885B8E51F2D7A2E0025519D /* Project object */ = {
			isa = PBXProject;
			attributes = {
				LastSwiftUpdateCheck = 0900;
				LastUpgradeCheck = 0900;
				ORGANIZATIONNAME = "Sebastian Crossa";
				TargetAttributes = {
					9885B8EC1F2D7A2F0025519D = {
						CreatedOnToolsVersion = 9.0;
						LastSwiftMigration = 0900;
					};
				};
			};
			buildConfigurationList = 9885B8E81F2D7A2E0025519D /* Build configuration list for PBXProject "Smack" */;
			compatibilityVersion = "Xcode 8.0";
			developmentRegion = en;
			hasScannedForEncodings = 0;
			knownRegions = (
				en,
				Base,
			);
			mainGroup = 9885B8E41F2D7A2E0025519D;
			productRefGroup = 9885B8EE1F2D7A2F0025519D /* Products */;
			projectDirPath = "";
			projectRoot = "";
			targets = (
				9885B8EC1F2D7A2F0025519D /* Smack */,
			);
		};
/* End PBXProject section */

/* Begin PBXResourcesBuildPhase section */
		9885B8EB1F2D7A2F0025519D /* Resources */ = {
			isa = PBXResourcesBuildPhase;
			buildActionMask = 2147483647;
			files = (
				9885B8FB1F2D7A2F0025519D /* LaunchScreen.storyboard in Resources */,
				9885B8F81F2D7A2F0025519D /* Assets.xcassets in Resources */,
				9885B8F61F2D7A2F0025519D /* Main.storyboard in Resources */,
			);
			runOnlyForDeploymentPostprocessing = 0;
		};
/* End PBXResourcesBuildPhase section */

/* Begin PBXShellScriptBuildPhase section */
		0B8E13694990E5BF26E5C3A4 /* [CP] Copy Pods Resources */ = {
			isa = PBXShellScriptBuildPhase;
			buildActionMask = 2147483647;
			files = (
			);
			inputPaths = (
			);
			name = "[CP] Copy Pods Resources";
			outputPaths = (
			);
			runOnlyForDeploymentPostprocessing = 0;
			shellPath = /bin/sh;
			shellScript = "\"${SRCROOT}/Pods/Target Support Files/Pods-Smack/Pods-Smack-resources.sh\"\n";
			showEnvVarsInLog = 0;
		};
		2422F91482DA1907F71689E8 /* [CP] Embed Pods Frameworks */ = {
			isa = PBXShellScriptBuildPhase;
			buildActionMask = 2147483647;
			files = (
			);
			inputPaths = (
			);
			name = "[CP] Embed Pods Frameworks";
			outputPaths = (
			);
			runOnlyForDeploymentPostprocessing = 0;
			shellPath = /bin/sh;
			shellScript = "\"${SRCROOT}/Pods/Target Support Files/Pods-Smack/Pods-Smack-frameworks.sh\"\n";
			showEnvVarsInLog = 0;
		};
		9F12DFECDDEC3A1A2B1D2016 /* [CP] Check Pods Manifest.lock */ = {
			isa = PBXShellScriptBuildPhase;
			buildActionMask = 2147483647;
			files = (
			);
			inputPaths = (
			);
			name = "[CP] Check Pods Manifest.lock";
			outputPaths = (
			);
			runOnlyForDeploymentPostprocessing = 0;
			shellPath = /bin/sh;
			shellScript = "diff \"${PODS_ROOT}/../Podfile.lock\" \"${PODS_ROOT}/Manifest.lock\" > /dev/null\nif [ $? != 0 ] ; then\n    # print error to STDERR\n    echo \"error: The sandbox is not in sync with the Podfile.lock. Run 'pod install' or update your CocoaPods installation.\" >&2\n    exit 1\nfi\n";
			showEnvVarsInLog = 0;
		};
/* End PBXShellScriptBuildPhase section */

/* Begin PBXSourcesBuildPhase section */
		9885B8E91F2D7A2F0025519D /* Sources */ = {
			isa = PBXSourcesBuildPhase;
			buildActionMask = 2147483647;
			files = (
				9885B8F31F2D7A2F0025519D /* ViewController.swift in Sources */,
				9885B8F11F2D7A2F0025519D /* AppDelegate.swift in Sources */,
				9885B9071F2D7F1B0025519D /* SWRevealViewController.m in Sources */,
			);
			runOnlyForDeploymentPostprocessing = 0;
		};
/* End PBXSourcesBuildPhase section */

/* Begin PBXVariantGroup section */
		9885B8F41F2D7A2F0025519D /* Main.storyboard */ = {
			isa = PBXVariantGroup;
			children = (
				9885B8F51F2D7A2F0025519D /* Base */,
			);
			name = Main.storyboard;
			sourceTree = "<group>";
		};
		9885B8F91F2D7A2F0025519D /* LaunchScreen.storyboard */ = {
			isa = PBXVariantGroup;
			children = (
				9885B8FA1F2D7A2F0025519D /* Base */,
			);
			name = LaunchScreen.storyboard;
			sourceTree = "<group>";
		};
/* End PBXVariantGroup section */

/* Begin XCBuildConfiguration section */
		9885B8FD1F2D7A2F0025519D /* Debug */ = {
			isa = XCBuildConfiguration;
			buildSettings = {
				ALWAYS_SEARCH_USER_PATHS = NO;
				CLANG_ANALYZER_NONNULL = YES;
				CLANG_ANALYZER_NUMBER_OBJECT_CONVERSION = YES_AGGRESSIVE;
				CLANG_CXX_LANGUAGE_STANDARD = "gnu++14";
				CLANG_CXX_LIBRARY = "libc++";
				CLANG_ENABLE_MODULES = YES;
				CLANG_ENABLE_OBJC_ARC = YES;
				CLANG_WARN_BLOCK_CAPTURE_AUTORELEASING = YES;
				CLANG_WARN_BOOL_CONVERSION = YES;
				CLANG_WARN_COMMA = YES;
				CLANG_WARN_CONSTANT_CONVERSION = YES;
				CLANG_WARN_DIRECT_OBJC_ISA_USAGE = YES_ERROR;
				CLANG_WARN_DOCUMENTATION_COMMENTS = YES;
				CLANG_WARN_EMPTY_BODY = YES;
				CLANG_WARN_ENUM_CONVERSION = YES;
				CLANG_WARN_INFINITE_RECURSION = YES;
				CLANG_WARN_INT_CONVERSION = YES;
				CLANG_WARN_OBJC_ROOT_CLASS = YES_ERROR;
				CLANG_WARN_RANGE_LOOP_ANALYSIS = YES;
				CLANG_WARN_STRICT_PROTOTYPES = YES;
				CLANG_WARN_SUSPICIOUS_MOVE = YES;
				CLANG_WARN_UNGUARDED_AVAILABILITY = YES_AGGRESSIVE;
				CLANG_WARN_UNREACHABLE_CODE = YES;
				CLANG_WARN__DUPLICATE_METHOD_MATCH = YES;
				CODE_SIGN_IDENTITY = "iPhone Developer";
				COPY_PHASE_STRIP = NO;
				DEBUG_INFORMATION_FORMAT = dwarf;
				ENABLE_STRICT_OBJC_MSGSEND = YES;
				ENABLE_TESTABILITY = YES;
				GCC_C_LANGUAGE_STANDARD = gnu11;
				GCC_DYNAMIC_NO_PIC = NO;
				GCC_NO_COMMON_BLOCKS = YES;
				GCC_OPTIMIZATION_LEVEL = 0;
				GCC_PREPROCESSOR_DEFINITIONS = (
					"DEBUG=1",
					"$(inherited)",
				);
				GCC_WARN_64_TO_32_BIT_CONVERSION = YES;
				GCC_WARN_ABOUT_RETURN_TYPE = YES_ERROR;
				GCC_WARN_UNDECLARED_SELECTOR = YES;
				GCC_WARN_UNINITIALIZED_AUTOS = YES_AGGRESSIVE;
				GCC_WARN_UNUSED_FUNCTION = YES;
				GCC_WARN_UNUSED_VARIABLE = YES;
				IPHONEOS_DEPLOYMENT_TARGET = 11.0;
				MTL_ENABLE_DEBUG_INFO = YES;
				ONLY_ACTIVE_ARCH = YES;
				SDKROOT = iphoneos;
				SWIFT_ACTIVE_COMPILATION_CONDITIONS = DEBUG;
				SWIFT_OPTIMIZATION_LEVEL = "-Onone";
			};
			name = Debug;
		};
		9885B8FE1F2D7A2F0025519D /* Release */ = {
			isa = XCBuildConfiguration;
			buildSettings = {
				ALWAYS_SEARCH_USER_PATHS = NO;
				CLANG_ANALYZER_NONNULL = YES;
				CLANG_ANALYZER_NUMBER_OBJECT_CONVERSION = YES_AGGRESSIVE;
				CLANG_CXX_LANGUAGE_STANDARD = "gnu++14";
				CLANG_CXX_LIBRARY = "libc++";
				CLANG_ENABLE_MODULES = YES;
				CLANG_ENABLE_OBJC_ARC = YES;
				CLANG_WARN_BLOCK_CAPTURE_AUTORELEASING = YES;
				CLANG_WARN_BOOL_CONVERSION = YES;
				CLANG_WARN_COMMA = YES;
				CLANG_WARN_CONSTANT_CONVERSION = YES;
				CLANG_WARN_DIRECT_OBJC_ISA_USAGE = YES_ERROR;
				CLANG_WARN_DOCUMENTATION_COMMENTS = YES;
				CLANG_WARN_EMPTY_BODY = YES;
				CLANG_WARN_ENUM_CONVERSION = YES;
				CLANG_WARN_INFINITE_RECURSION = YES;
				CLANG_WARN_INT_CONVERSION = YES;
				CLANG_WARN_OBJC_ROOT_CLASS = YES_ERROR;
				CLANG_WARN_RANGE_LOOP_ANALYSIS = YES;
				CLANG_WARN_STRICT_PROTOTYPES = YES;
				CLANG_WARN_SUSPICIOUS_MOVE = YES;
				CLANG_WARN_UNGUARDED_AVAILABILITY = YES_AGGRESSIVE;
				CLANG_WARN_UNREACHABLE_CODE = YES;
				CLANG_WARN__DUPLICATE_METHOD_MATCH = YES;
				CODE_SIGN_IDENTITY = "iPhone Developer";
				COPY_PHASE_STRIP = NO;
				DEBUG_INFORMATION_FORMAT = "dwarf-with-dsym";
				ENABLE_NS_ASSERTIONS = NO;
				ENABLE_STRICT_OBJC_MSGSEND = YES;
				GCC_C_LANGUAGE_STANDARD = gnu11;
				GCC_NO_COMMON_BLOCKS = YES;
				GCC_WARN_64_TO_32_BIT_CONVERSION = YES;
				GCC_WARN_ABOUT_RETURN_TYPE = YES_ERROR;
				GCC_WARN_UNDECLARED_SELECTOR = YES;
				GCC_WARN_UNINITIALIZED_AUTOS = YES_AGGRESSIVE;
				GCC_WARN_UNUSED_FUNCTION = YES;
				GCC_WARN_UNUSED_VARIABLE = YES;
				IPHONEOS_DEPLOYMENT_TARGET = 11.0;
				MTL_ENABLE_DEBUG_INFO = NO;
				SDKROOT = iphoneos;
				SWIFT_OPTIMIZATION_LEVEL = "-Owholemodule";
				VALIDATE_PRODUCT = YES;
			};
			name = Release;
		};
		9885B9001F2D7A2F0025519D /* Debug */ = {
			isa = XCBuildConfiguration;
			baseConfigurationReference = A588330179790104E628DB7A /* Pods-Smack.debug.xcconfig */;
			buildSettings = {
				ASSETCATALOG_COMPILER_APPICON_NAME = AppIcon;
				CLANG_ENABLE_MODULES = YES;
				DEVELOPMENT_TEAM = 29BFEDRFS6;
				INFOPLIST_FILE = Smack/Info.plist;
				LD_RUNPATH_SEARCH_PATHS = "$(inherited) @executable_path/Frameworks";
				PRODUCT_BUNDLE_IDENTIFIER = com.sebastiancrossa.Smack;
				PRODUCT_NAME = "$(TARGET_NAME)";
				SWIFT_OBJC_BRIDGING_HEADER = "Smack/Supporting Files/Smack-Bridging-Header.h";
				SWIFT_OPTIMIZATION_LEVEL = "-Onone";
				SWIFT_VERSION = 4.0;
				TARGETED_DEVICE_FAMILY = "1,2";
			};
			name = Debug;
		};
		9885B9011F2D7A2F0025519D /* Release */ = {
			isa = XCBuildConfiguration;
			baseConfigurationReference = A866E8D45A7630ABA3A79F42 /* Pods-Smack.release.xcconfig */;
			buildSettings = {
				ASSETCATALOG_COMPILER_APPICON_NAME = AppIcon;
				CLANG_ENABLE_MODULES = YES;
				DEVELOPMENT_TEAM = 29BFEDRFS6;
				INFOPLIST_FILE = Smack/Info.plist;
				LD_RUNPATH_SEARCH_PATHS = "$(inherited) @executable_path/Frameworks";
				PRODUCT_BUNDLE_IDENTIFIER = com.sebastiancrossa.Smack;
				PRODUCT_NAME = "$(TARGET_NAME)";
				SWIFT_OBJC_BRIDGING_HEADER = "Smack/Supporting Files/Smack-Bridging-Header.h";
				SWIFT_VERSION = 4.0;
				TARGETED_DEVICE_FAMILY = "1,2";
			};
			name = Release;
		};
/* End XCBuildConfiguration section */

/* Begin XCConfigurationList section */
		9885B8E81F2D7A2E0025519D /* Build configuration list for PBXProject "Smack" */ = {
			isa = XCConfigurationList;
			buildConfigurations = (
				9885B8FD1F2D7A2F0025519D /* Debug */,
				9885B8FE1F2D7A2F0025519D /* Release */,
			);
			defaultConfigurationIsVisible = 0;
			defaultConfigurationName = Release;
		};
		9885B8FF1F2D7A2F0025519D /* Build configuration list for PBXNativeTarget "Smack" */ = {
			isa = XCConfigurationList;
			buildConfigurations = (
				9885B9001F2D7A2F0025519D /* Debug */,
				9885B9011F2D7A2F0025519D /* Release */,
			);
			defaultConfigurationIsVisible = 0;
			defaultConfigurationName = Release;
		};
/* End XCConfigurationList section */
	};
	rootObject = 9885B8E51F2D7A2E0025519D /* Project object */;
}
